<?xml version="1.0" encoding="utf-8"?>
<Project ToolsVersion="4.0" xmlns="http://schemas.microsoft.com/developer/msbuild/2003">
  <ItemGroup>
    <Filter Include="소스 파일">
      <UniqueIdentifier>{4FC737F1-C7A5-4376-A066-2A32D752A2FF}</UniqueIdentifier>
      <Extensions>cpp;c;cc;cxx;def;odl;idl;hpj;bat;asm;asmx</Extensions>
    </Filter>
    <Filter Include="헤더 파일">
      <UniqueIdentifier>{93995380-89BD-4b04-88EB-625FBE52EBFB}</UniqueIdentifier>
      <Extensions>h;hh;hpp;hxx;hm;inl;inc;xsd</Extensions>
    </Filter>
    <Filter Include="리소스 파일">
      <UniqueIdentifier>{67DA6AB6-F800-4c08-8B7A-83BB121AAD01}</UniqueIdentifier>
      <Extensions>rc;ico;cur;bmp;dlg;rc2;rct;bin;rgs;gif;jpg;jpeg;jpe;resx;tiff;tif;png;wav;mfcribbon-ms</Extensions>
    </Filter>
    <Filter Include="소스 파일\String">
      <UniqueIdentifier>{96d90d72-a831-43f1-aff6-afe8964fee73}</UniqueIdentifier>
    </Filter>
    <Filter Include="소스 파일\Array">
      <UniqueIdentifier>{ab5aceae-16e7-4ec3-bab6-344b62672b57}</UniqueIdentifier>
    </Filter>
    <Filter Include="소스 파일\Vector">
      <UniqueIdentifier>{9e5eab44-28f5-423b-b7b6-41c7cf0dcf73}</UniqueIdentifier>
    </Filter>
  </ItemGroup>
  <ItemGroup>
    <ClCompile Include="UTFStringLib.cpp">
      <Filter>소스 파일\String</Filter>
    </ClCompile>
    <ClCompile Include="StringConstruction.cpp">
      <Filter>소스 파일\String</Filter>
    </ClCompile>
    <ClCompile Include="StringOperation.cpp">
      <Filter>소스 파일\String</Filter>
    </ClCompile>
    <ClCompile Include="CctypeLibFunc.cpp">
      <Filter>소스 파일\String</Filter>
    </ClCompile>
    <ClCompile Include="ArrayIterator.cpp">
      <Filter>소스 파일\Array</Filter>
    </ClCompile>
    <ClCompile Include="ArrayTypeDeduction.cpp">
      <Filter>소스 파일\Array</Filter>
    </ClCompile>
    <ClCompile Include="VectorInitialization.cpp">
      <Filter>소스 파일\Vector</Filter>
    </ClCompile>
    <ClCompile Include="VectorBasicOperation.cpp">
      <Filter>소스 파일\Vector</Filter>
    </ClCompile>
  </ItemGroup>
</Project>